{
  "version": 4,
  "terraform_version": "0.12.26",
  "serial": 2,
  "lineage": "595bda1e-2dc4-a0da-e7d4-e27a86d9214e",
  "outputs": {},
  "resources": [
    {
      "mode": "managed",
      "type": "azurerm_resource_group",
      "name": "rg",
      "provider": "provider.azurerm",
      "instances": [
        {
          "schema_version": 0,
          "attributes": {
            "id": "/subscriptions/e67a50bc-70b2-4838-8598-c9fb1880a4ac/resourceGroups/Sandro-Testing",
            "location": "westeurope",
            "name": "Sandro-Testing",
            "tags": null,
            "timeouts": null
          },
          "private": "eyJlMmJmYjczMC1lY2FhLTExZTYtOGY4OC0zNDM2M2JjN2M0YzAiOnsiY3JlYXRlIjo1NDAwMDAwMDAwMDAwLCJkZWxldGUiOjU0MDAwMDAwMDAwMDAsInJlYWQiOjMwMDAwMDAwMDAwMCwidXBkYXRlIjo1NDAwMDAwMDAwMDAwfX0="
        }
      ]
    },
    {
      "mode": "managed",
      "type": "azurerm_storage_container",
      "name": "blob",
      "provider": "provider.azurerm",
      "instances": []
    }
  ]
}
