{
  "version": 4,
  "terraform_version": "0.12.26",
  "serial": 4,
  "lineage": "52e4348c-5b6d-4258-f05e-7ea841641ffe",
  "outputs": {},
  "resources": [
    {
      "mode": "managed",
      "type": "azurerm_resource_group",
      "name": "rg",
      "provider": "provider.azurerm",
      "instances": [
        {
          "schema_version": 0,
          "attributes": {
            "id": "/subscriptions/e67a50bc-70b2-4838-8598-c9fb1880a4ac/resourceGroups/sandro0tf",
            "location": "westeurope",
            "name": "sandro0tf",
            "tags": null,
            "timeouts": null
          },
          "private": "eyJlMmJmYjczMC1lY2FhLTExZTYtOGY4OC0zNDM2M2JjN2M0YzAiOnsiY3JlYXRlIjo1NDAwMDAwMDAwMDAwLCJkZWxldGUiOjU0MDAwMDAwMDAwMDAsInJlYWQiOjMwMDAwMDAwMDAwMCwidXBkYXRlIjo1NDAwMDAwMDAwMDAwfX0="
        }
      ]
    },
    {
      "mode": "managed",
      "type": "azurerm_storage_account",
      "name": "stg",
      "provider": "provider.azurerm",
      "instances": [
        {
          "schema_version": 2,
          "attributes": {
            "access_tier": "Hot",
            "account_kind": "StorageV2",
            "account_replication_type": "ZRS",
            "account_tier": "Standard",
            "blob_properties": [],
            "custom_domain": [],
            "enable_https_traffic_only": true,
            "id": "/subscriptions/e67a50bc-70b2-4838-8598-c9fb1880a4ac/resourceGroups/sandro0tf/providers/Microsoft.Storage/storageAccounts/sandro0tf",
            "identity": [],
            "is_hns_enabled": false,
            "location": "westeurope",
            "name": "sandro0tf",
            "network_rules": [
              {
                "bypass": [
                  "AzureServices"
                ],
                "default_action": "Allow",
                "ip_rules": [],
                "virtual_network_subnet_ids": []
              }
            ],
            "primary_access_key": "GV3VtqDdgVq50GLq3beW35s5o/8WdzPH821liDrzz3GxpAhVai1qWxHlkSLSStMF+V4yRHvvlGjPvH+R5+SfQQ==",
            "primary_blob_connection_string": "DefaultEndpointsProtocol=https;BlobEndpoint=https://sandro0tf.blob.core.windows.net/;AccountName=sandro0tf;AccountKey=GV3VtqDdgVq50GLq3beW35s5o/8WdzPH821liDrzz3GxpAhVai1qWxHlkSLSStMF+V4yRHvvlGjPvH+R5+SfQQ==",
            "primary_blob_endpoint": "https://sandro0tf.blob.core.windows.net/",
            "primary_blob_host": "sandro0tf.blob.core.windows.net",
            "primary_connection_string": "DefaultEndpointsProtocol=https;AccountName=sandro0tf;AccountKey=GV3VtqDdgVq50GLq3beW35s5o/8WdzPH821liDrzz3GxpAhVai1qWxHlkSLSStMF+V4yRHvvlGjPvH+R5+SfQQ==;EndpointSuffix=core.windows.net",
            "primary_dfs_endpoint": "https://sandro0tf.dfs.core.windows.net/",
            "primary_dfs_host": "sandro0tf.dfs.core.windows.net",
            "primary_file_endpoint": "https://sandro0tf.file.core.windows.net/",
            "primary_file_host": "sandro0tf.file.core.windows.net",
            "primary_location": "westeurope",
            "primary_queue_endpoint": "https://sandro0tf.queue.core.windows.net/",
            "primary_queue_host": "sandro0tf.queue.core.windows.net",
            "primary_table_endpoint": "https://sandro0tf.table.core.windows.net/",
            "primary_table_host": "sandro0tf.table.core.windows.net",
            "primary_web_endpoint": "https://sandro0tf.z6.web.core.windows.net/",
            "primary_web_host": "sandro0tf.z6.web.core.windows.net",
            "queue_properties": [
              {
                "cors_rule": [],
                "hour_metrics": [
                  {
                    "enabled": true,
                    "include_apis": true,
                    "retention_policy_days": 7,
                    "version": "1.0"
                  }
                ],
                "logging": [
                  {
                    "delete": false,
                    "read": false,
                    "retention_policy_days": 0,
                    "version": "1.0",
                    "write": false
                  }
                ],
                "minute_metrics": [
                  {
                    "enabled": false,
                    "include_apis": false,
                    "retention_policy_days": 0,
                    "version": "1.0"
                  }
                ]
              }
            ],
            "resource_group_name": "sandro0tf",
            "secondary_access_key": "VFSK9aP+SncalLfS/mOgwj80YiUkrFs2/IQjxtcNH2mHh9PR7Rbd5F4tOoGccJqC6r1ozZ64B3fA2NGgo7wK0g==",
            "secondary_blob_connection_string": "",
            "secondary_blob_endpoint": null,
            "secondary_blob_host": null,
            "secondary_connection_string": "DefaultEndpointsProtocol=https;AccountName=sandro0tf;AccountKey=VFSK9aP+SncalLfS/mOgwj80YiUkrFs2/IQjxtcNH2mHh9PR7Rbd5F4tOoGccJqC6r1ozZ64B3fA2NGgo7wK0g==;EndpointSuffix=core.windows.net",
            "secondary_dfs_endpoint": null,
            "secondary_dfs_host": null,
            "secondary_file_endpoint": null,
            "secondary_file_host": null,
            "secondary_location": "",
            "secondary_queue_endpoint": null,
            "secondary_queue_host": null,
            "secondary_table_endpoint": null,
            "secondary_table_host": null,
            "secondary_web_endpoint": null,
            "secondary_web_host": null,
            "static_website": [],
            "tags": null,
            "timeouts": null
          },
          "private": "eyJlMmJmYjczMC1lY2FhLTExZTYtOGY4OC0zNDM2M2JjN2M0YzAiOnsiY3JlYXRlIjozNjAwMDAwMDAwMDAwLCJkZWxldGUiOjM2MDAwMDAwMDAwMDAsInJlYWQiOjMwMDAwMDAwMDAwMCwidXBkYXRlIjozNjAwMDAwMDAwMDAwfSwic2NoZW1hX3ZlcnNpb24iOiIyIn0=",
          "dependencies": [
            "azurerm_resource_group.rg"
          ]
        }
      ]
    },
    {
      "mode": "managed",
      "type": "azurerm_storage_container",
      "name": "blob",
      "provider": "provider.azurerm",
      "instances": [
        {
          "schema_version": 1,
          "attributes": {
            "container_access_type": "private",
            "has_immutability_policy": false,
            "has_legal_hold": false,
            "id": "https://sandro0tf.blob.core.windows.net/vhds",
            "metadata": {},
            "name": "vhds",
            "resource_manager_id": "/subscriptions/e67a50bc-70b2-4838-8598-c9fb1880a4ac/resourceGroups/sandro0tf/providers/Microsoft.Storage/storageAccounts/sandro0tf/blobServices/default/containers/vhds",
            "storage_account_name": "sandro0tf",
            "timeouts": null
          },
          "private": "eyJlMmJmYjczMC1lY2FhLTExZTYtOGY4OC0zNDM2M2JjN2M0YzAiOnsiY3JlYXRlIjoxODAwMDAwMDAwMDAwLCJkZWxldGUiOjE4MDAwMDAwMDAwMDAsInJlYWQiOjMwMDAwMDAwMDAwMCwidXBkYXRlIjoxODAwMDAwMDAwMDAwfSwic2NoZW1hX3ZlcnNpb24iOiIxIn0=",
          "dependencies": [
            "azurerm_resource_group.rg",
            "azurerm_storage_account.stg"
          ]
        }
      ]
    }
  ]
}
