{
  "version": 4,
  "terraform_version": "0.12.26",
  "serial": 5,
  "lineage": "595bda1e-2dc4-a0da-e7d4-e27a86d9214e",
  "outputs": {},
  "resources": [
    {
      "mode": "managed",
      "type": "azurerm_resource_group",
      "name": "rg",
      "provider": "provider.azurerm",
      "instances": [
        {
          "schema_version": 0,
          "attributes": {
            "id": "/subscriptions/e67a50bc-70b2-4838-8598-c9fb1880a4ac/resourceGroups/Sandro-Testing",
            "location": "westeurope",
            "name": "Sandro-Testing",
            "tags": {},
            "timeouts": null
          },
          "private": "eyJlMmJmYjczMC1lY2FhLTExZTYtOGY4OC0zNDM2M2JjN2M0YzAiOnsiY3JlYXRlIjo1NDAwMDAwMDAwMDAwLCJkZWxldGUiOjU0MDAwMDAwMDAwMDAsInJlYWQiOjMwMDAwMDAwMDAwMCwidXBkYXRlIjo1NDAwMDAwMDAwMDAwfX0="
        }
      ]
    },
    {
      "mode": "managed",
      "type": "azurerm_storage_account",
      "name": "stg",
      "provider": "provider.azurerm",
      "instances": [
        {
          "schema_version": 2,
          "attributes": {
            "access_tier": "Hot",
            "account_kind": "StorageV2",
            "account_replication_type": "ZRS",
            "account_tier": "Standard",
            "blob_properties": [],
            "custom_domain": [],
            "enable_https_traffic_only": true,
            "id": "/subscriptions/e67a50bc-70b2-4838-8598-c9fb1880a4ac/resourceGroups/Sandro-Testing/providers/Microsoft.Storage/storageAccounts/sangra",
            "identity": [],
            "is_hns_enabled": false,
            "location": "westeurope",
            "name": "sangra",
            "network_rules": [
              {
                "bypass": [
                  "AzureServices"
                ],
                "default_action": "Allow",
                "ip_rules": [],
                "virtual_network_subnet_ids": []
              }
            ],
            "primary_access_key": "fRpKDUsqY0jD6VJdDrTbq0gqQsGy1rpsy2D2AUfQZvo0e2sJkhN1+TVzMGaqEZRLMRV/cqV2Ha+IIpaqPE4QFg==",
            "primary_blob_connection_string": "DefaultEndpointsProtocol=https;BlobEndpoint=https://sangra.blob.core.windows.net/;AccountName=sangra;AccountKey=fRpKDUsqY0jD6VJdDrTbq0gqQsGy1rpsy2D2AUfQZvo0e2sJkhN1+TVzMGaqEZRLMRV/cqV2Ha+IIpaqPE4QFg==",
            "primary_blob_endpoint": "https://sangra.blob.core.windows.net/",
            "primary_blob_host": "sangra.blob.core.windows.net",
            "primary_connection_string": "DefaultEndpointsProtocol=https;AccountName=sangra;AccountKey=fRpKDUsqY0jD6VJdDrTbq0gqQsGy1rpsy2D2AUfQZvo0e2sJkhN1+TVzMGaqEZRLMRV/cqV2Ha+IIpaqPE4QFg==;EndpointSuffix=core.windows.net",
            "primary_dfs_endpoint": "https://sangra.dfs.core.windows.net/",
            "primary_dfs_host": "sangra.dfs.core.windows.net",
            "primary_file_endpoint": "https://sangra.file.core.windows.net/",
            "primary_file_host": "sangra.file.core.windows.net",
            "primary_location": "westeurope",
            "primary_queue_endpoint": "https://sangra.queue.core.windows.net/",
            "primary_queue_host": "sangra.queue.core.windows.net",
            "primary_table_endpoint": "https://sangra.table.core.windows.net/",
            "primary_table_host": "sangra.table.core.windows.net",
            "primary_web_endpoint": "https://sangra.z6.web.core.windows.net/",
            "primary_web_host": "sangra.z6.web.core.windows.net",
            "queue_properties": [
              {
                "cors_rule": [],
                "hour_metrics": [
                  {
                    "enabled": true,
                    "include_apis": true,
                    "retention_policy_days": 7,
                    "version": "1.0"
                  }
                ],
                "logging": [
                  {
                    "delete": false,
                    "read": false,
                    "retention_policy_days": 0,
                    "version": "1.0",
                    "write": false
                  }
                ],
                "minute_metrics": [
                  {
                    "enabled": false,
                    "include_apis": false,
                    "retention_policy_days": 0,
                    "version": "1.0"
                  }
                ]
              }
            ],
            "resource_group_name": "Sandro-Testing",
            "secondary_access_key": "2rtuTUZsQAuJhyDZvj/g4eJpJ6d5WsE4EzrC1usQRcqxQpMMwffXLAMvh8SU3YbNODfsMV0iv7cnL24woJaBwA==",
            "secondary_blob_connection_string": "",
            "secondary_blob_endpoint": null,
            "secondary_blob_host": null,
            "secondary_connection_string": "DefaultEndpointsProtocol=https;AccountName=sangra;AccountKey=2rtuTUZsQAuJhyDZvj/g4eJpJ6d5WsE4EzrC1usQRcqxQpMMwffXLAMvh8SU3YbNODfsMV0iv7cnL24woJaBwA==;EndpointSuffix=core.windows.net",
            "secondary_dfs_endpoint": null,
            "secondary_dfs_host": null,
            "secondary_file_endpoint": null,
            "secondary_file_host": null,
            "secondary_location": "",
            "secondary_queue_endpoint": null,
            "secondary_queue_host": null,
            "secondary_table_endpoint": null,
            "secondary_table_host": null,
            "secondary_web_endpoint": null,
            "secondary_web_host": null,
            "static_website": [],
            "tags": null,
            "timeouts": null
          },
          "private": "eyJlMmJmYjczMC1lY2FhLTExZTYtOGY4OC0zNDM2M2JjN2M0YzAiOnsiY3JlYXRlIjozNjAwMDAwMDAwMDAwLCJkZWxldGUiOjM2MDAwMDAwMDAwMDAsInJlYWQiOjMwMDAwMDAwMDAwMCwidXBkYXRlIjozNjAwMDAwMDAwMDAwfSwic2NoZW1hX3ZlcnNpb24iOiIyIn0=",
          "dependencies": [
            "azurerm_resource_group.rg"
          ]
        }
      ]
    },
    {
      "mode": "managed",
      "type": "azurerm_storage_container",
      "name": "blob",
      "provider": "provider.azurerm",
      "instances": [
        {
          "schema_version": 1,
          "attributes": {
            "container_access_type": "private",
            "has_immutability_policy": false,
            "has_legal_hold": false,
            "id": "https://sangra.blob.core.windows.net/vhds",
            "metadata": {},
            "name": "vhds",
            "resource_manager_id": "/subscriptions/e67a50bc-70b2-4838-8598-c9fb1880a4ac/resourceGroups/Sandro-Testing/providers/Microsoft.Storage/storageAccounts/sangra/blobServices/default/containers/vhds",
            "storage_account_name": "sangra",
            "timeouts": null
          },
          "private": "eyJlMmJmYjczMC1lY2FhLTExZTYtOGY4OC0zNDM2M2JjN2M0YzAiOnsiY3JlYXRlIjoxODAwMDAwMDAwMDAwLCJkZWxldGUiOjE4MDAwMDAwMDAwMDAsInJlYWQiOjMwMDAwMDAwMDAwMCwidXBkYXRlIjoxODAwMDAwMDAwMDAwfSwic2NoZW1hX3ZlcnNpb24iOiIxIn0=",
          "dependencies": [
            "azurerm_resource_group.rg",
            "azurerm_storage_account.stg"
          ]
        }
      ]
    }
  ]
}
