{
  "version": 4,
  "terraform_version": "0.12.26",
  "serial": 9,
  "lineage": "9372cfc7-e3bc-e6f5-09a6-3bd513b659f1",
  "outputs": {},
  "resources": [
    {
      "mode": "managed",
      "type": "azurerm_linux_virtual_machine",
      "name": "main",
      "provider": "provider.azurerm",
      "instances": [
        {
          "schema_version": 0,
          "attributes": {
            "additional_capabilities": [],
            "admin_password": null,
            "admin_ssh_key": [
              {
                "public_key": "ssh-rsa AAAAB3NzaC1yc2EAAAABJQAAAQEAiuP+W9bbOfl4v0BWZj57+CahhrwTdH6HL2e0+NGEn6wbQPKgmWQgIrm5NDiHt4usJM2PnizlZQTXVTi88lOo8pYPMt+BB125sASSzVYvniT+bVTxgJQjen1vidtLOd3VPZXR+BYNvSh39yXdEN9Aij+v7QmiM9CDBzjkjsu6dTba74xaNi7g7DKgx2sTv1P6teJ1bOKj3sPcwUCSgsR+4m7EJdv0fXIn7Tpkw/txcblenFp/zhmRtDsesAkoWV1h1LmkCE9F5kf0pfFc/oI3K4gLF/e7xfv4Yx2s3S4W9eamR5gRTHnbk8uNzsWzMxpMxxGkPZDXXltJG/O7bTGV3Q== rsa-key-20201103",
                "username": "adminuser"
              }
            ],
            "admin_username": "adminuser",
            "allow_extension_operations": true,
            "availability_set_id": "",
            "boot_diagnostics": [],
            "computer_name": "angelina",
            "custom_data": null,
            "dedicated_host_id": "",
            "disable_password_authentication": true,
            "eviction_policy": "",
            "id": "/subscriptions/e67a50bc-70b2-4838-8598-c9fb1880a4ac/resourceGroups/SandrosLab2/providers/Microsoft.Compute/virtualMachines/angelina",
            "identity": [],
            "location": "westeurope",
            "max_bid_price": -1,
            "name": "angelina",
            "network_interface_ids": [
              "/subscriptions/e67a50bc-70b2-4838-8598-c9fb1880a4ac/resourceGroups/SandrosLab2/providers/Microsoft.Network/networkInterfaces/angelina"
            ],
            "os_disk": [
              {
                "caching": "ReadWrite",
                "diff_disk_settings": [],
                "disk_encryption_set_id": "",
                "disk_size_gb": 30,
                "name": "angelina_disk1_8fdaacdd13a6428b8bb8cf87b841019c",
                "storage_account_type": "Standard_LRS",
                "write_accelerator_enabled": false
              }
            ],
            "plan": [],
            "priority": "Regular",
            "private_ip_address": "10.1.2.4",
            "private_ip_addresses": [
              "10.1.2.4"
            ],
            "provision_vm_agent": true,
            "proximity_placement_group_id": "",
            "public_ip_address": "",
            "public_ip_addresses": [],
            "resource_group_name": "SandrosLab2",
            "secret": [],
            "size": "Standard_DS1_v2",
            "source_image_id": "",
            "source_image_reference": [
              {
                "offer": "UbuntuServer",
                "publisher": "Canonical",
                "sku": "18.04-LTS",
                "version": "latest"
              }
            ],
            "tags": {},
            "timeouts": null,
            "virtual_machine_id": "637f9930-9536-4e2d-8f18-9936dcbe2923",
            "virtual_machine_scale_set_id": "",
            "zone": ""
          },
          "private": "eyJlMmJmYjczMC1lY2FhLTExZTYtOGY4OC0zNDM2M2JjN2M0YzAiOnsiY3JlYXRlIjoyNzAwMDAwMDAwMDAwLCJkZWxldGUiOjI3MDAwMDAwMDAwMDAsInJlYWQiOjMwMDAwMDAwMDAwMCwidXBkYXRlIjoyNzAwMDAwMDAwMDAwfX0=",
          "dependencies": [
            "azurerm_network_interface.angelina",
            "azurerm_resource_group.main",
            "azurerm_subnet.subnetHA",
            "azurerm_virtual_network.hub"
          ]
        }
      ]
    },
    {
      "mode": "managed",
      "type": "azurerm_network_interface",
      "name": "angelina",
      "provider": "provider.azurerm",
      "instances": [
        {
          "schema_version": 0,
          "attributes": {
            "applied_dns_servers": [],
            "dns_servers": [],
            "enable_accelerated_networking": false,
            "enable_ip_forwarding": false,
            "id": "/subscriptions/e67a50bc-70b2-4838-8598-c9fb1880a4ac/resourceGroups/SandrosLab2/providers/Microsoft.Network/networkInterfaces/angelina",
            "internal_dns_name_label": "",
            "internal_domain_name_suffix": "nyekw1rnyodehiabyuww2c0nmg.ax.internal.cloudapp.net",
            "ip_configuration": [
              {
                "name": "internal",
                "primary": true,
                "private_ip_address": "10.1.2.4",
                "private_ip_address_allocation": "Dynamic",
                "private_ip_address_version": "IPv4",
                "public_ip_address_id": "",
                "subnet_id": "/subscriptions/e67a50bc-70b2-4838-8598-c9fb1880a4ac/resourceGroups/SandrosLab2/providers/Microsoft.Network/virtualNetworks/ps-hub-vnet/subnets/subnet-ha"
              }
            ],
            "location": "westeurope",
            "mac_address": "00-0D-3A-4A-99-44",
            "name": "angelina",
            "private_ip_address": "10.1.2.4",
            "private_ip_addresses": [
              "10.1.2.4"
            ],
            "resource_group_name": "SandrosLab2",
            "tags": {},
            "timeouts": null,
            "virtual_machine_id": "/subscriptions/e67a50bc-70b2-4838-8598-c9fb1880a4ac/resourceGroups/SandrosLab2/providers/Microsoft.Compute/virtualMachines/angelina"
          },
          "private": "eyJlMmJmYjczMC1lY2FhLTExZTYtOGY4OC0zNDM2M2JjN2M0YzAiOnsiY3JlYXRlIjoxODAwMDAwMDAwMDAwLCJkZWxldGUiOjE4MDAwMDAwMDAwMDAsInJlYWQiOjMwMDAwMDAwMDAwMCwidXBkYXRlIjoxODAwMDAwMDAwMDAwfX0=",
          "dependencies": [
            "azurerm_resource_group.main",
            "azurerm_subnet.subnetHA",
            "azurerm_virtual_network.hub"
          ]
        }
      ]
    },
    {
      "mode": "managed",
      "type": "azurerm_network_security_group",
      "name": "main",
      "provider": "provider.azurerm",
      "instances": [
        {
          "schema_version": 0,
          "attributes": {
            "id": "/subscriptions/e67a50bc-70b2-4838-8598-c9fb1880a4ac/resourceGroups/SandrosLab2/providers/Microsoft.Network/networkSecurityGroups/nsg1",
            "location": "westeurope",
            "name": "nsg1",
            "resource_group_name": "SandrosLab2",
            "security_rule": [],
            "tags": {},
            "timeouts": null
          },
          "private": "eyJlMmJmYjczMC1lY2FhLTExZTYtOGY4OC0zNDM2M2JjN2M0YzAiOnsiY3JlYXRlIjoxODAwMDAwMDAwMDAwLCJkZWxldGUiOjE4MDAwMDAwMDAwMDAsInJlYWQiOjMwMDAwMDAwMDAwMCwidXBkYXRlIjoxODAwMDAwMDAwMDAwfX0=",
          "dependencies": [
            "azurerm_resource_group.main"
          ]
        }
      ]
    },
    {
      "mode": "managed",
      "type": "azurerm_public_ip",
      "name": "example",
      "provider": "provider.azurerm",
      "instances": [
        {
          "schema_version": 0,
          "attributes": {
            "allocation_method": "Static",
            "domain_name_label": null,
            "fqdn": null,
            "id": "/subscriptions/e67a50bc-70b2-4838-8598-c9fb1880a4ac/resourceGroups/SandrosLab2/providers/Microsoft.Network/publicIPAddresses/PubLab",
            "idle_timeout_in_minutes": 4,
            "ip_address": "51.144.4.58",
            "ip_version": "IPv4",
            "location": "westeurope",
            "name": "PubLab",
            "public_ip_prefix_id": null,
            "resource_group_name": "SandrosLab2",
            "reverse_fqdn": null,
            "sku": "Basic",
            "tags": {},
            "timeouts": null,
            "zones": []
          },
          "private": "eyJlMmJmYjczMC1lY2FhLTExZTYtOGY4OC0zNDM2M2JjN2M0YzAiOnsiY3JlYXRlIjoxODAwMDAwMDAwMDAwLCJkZWxldGUiOjE4MDAwMDAwMDAwMDAsInJlYWQiOjMwMDAwMDAwMDAwMCwidXBkYXRlIjoxODAwMDAwMDAwMDAwfX0=",
          "dependencies": [
            "azurerm_resource_group.main"
          ]
        }
      ]
    },
    {
      "mode": "managed",
      "type": "azurerm_resource_group",
      "name": "main",
      "provider": "provider.azurerm",
      "instances": [
        {
          "schema_version": 0,
          "attributes": {
            "id": "/subscriptions/e67a50bc-70b2-4838-8598-c9fb1880a4ac/resourceGroups/SandrosLab2",
            "location": "westeurope",
            "name": "SandrosLab2",
            "tags": {},
            "timeouts": null
          },
          "private": "eyJlMmJmYjczMC1lY2FhLTExZTYtOGY4OC0zNDM2M2JjN2M0YzAiOnsiY3JlYXRlIjo1NDAwMDAwMDAwMDAwLCJkZWxldGUiOjU0MDAwMDAwMDAwMDAsInJlYWQiOjMwMDAwMDAwMDAwMCwidXBkYXRlIjo1NDAwMDAwMDAwMDAwfX0="
        }
      ]
    },
    {
      "mode": "managed",
      "type": "azurerm_subnet",
      "name": "subnetHA",
      "provider": "provider.azurerm",
      "instances": [
        {
          "schema_version": 0,
          "attributes": {
            "address_prefix": "10.1.2.0/24",
            "address_prefixes": [
              "10.1.2.0/24"
            ],
            "delegation": [],
            "enforce_private_link_endpoint_network_policies": false,
            "enforce_private_link_service_network_policies": false,
            "id": "/subscriptions/e67a50bc-70b2-4838-8598-c9fb1880a4ac/resourceGroups/SandrosLab2/providers/Microsoft.Network/virtualNetworks/ps-hub-vnet/subnets/subnet-ha",
            "name": "subnet-ha",
            "resource_group_name": "SandrosLab2",
            "service_endpoints": [],
            "timeouts": null,
            "virtual_network_name": "ps-hub-vnet"
          },
          "private": "eyJlMmJmYjczMC1lY2FhLTExZTYtOGY4OC0zNDM2M2JjN2M0YzAiOnsiY3JlYXRlIjoxODAwMDAwMDAwMDAwLCJkZWxldGUiOjE4MDAwMDAwMDAwMDAsInJlYWQiOjMwMDAwMDAwMDAwMCwidXBkYXRlIjoxODAwMDAwMDAwMDAwfX0=",
          "dependencies": [
            "azurerm_resource_group.main",
            "azurerm_virtual_network.hub"
          ]
        }
      ]
    },
    {
      "mode": "managed",
      "type": "azurerm_virtual_network",
      "name": "hub",
      "provider": "provider.azurerm",
      "instances": [
        {
          "schema_version": 0,
          "attributes": {
            "address_space": [
              "10.1.0.0/16"
            ],
            "ddos_protection_plan": [],
            "dns_servers": [],
            "guid": "6eab086e-c32d-4386-a001-c52d6e0b4d66",
            "id": "/subscriptions/e67a50bc-70b2-4838-8598-c9fb1880a4ac/resourceGroups/SandrosLab2/providers/Microsoft.Network/virtualNetworks/ps-hub-vnet",
            "location": "westeurope",
            "name": "ps-hub-vnet",
            "resource_group_name": "SandrosLab2",
            "subnet": [
              {
                "address_prefix": "10.1.2.0/24",
                "id": "/subscriptions/e67a50bc-70b2-4838-8598-c9fb1880a4ac/resourceGroups/SandrosLab2/providers/Microsoft.Network/virtualNetworks/ps-hub-vnet/subnets/subnet-ha",
                "name": "subnet-ha",
                "security_group": ""
              }
            ],
            "tags": {},
            "timeouts": null
          },
          "private": "eyJlMmJmYjczMC1lY2FhLTExZTYtOGY4OC0zNDM2M2JjN2M0YzAiOnsiY3JlYXRlIjoxODAwMDAwMDAwMDAwLCJkZWxldGUiOjE4MDAwMDAwMDAwMDAsInJlYWQiOjMwMDAwMDAwMDAwMCwidXBkYXRlIjoxODAwMDAwMDAwMDAwfX0=",
          "dependencies": [
            "azurerm_resource_group.main"
          ]
        }
      ]
    }
  ]
}
