{
  "version": 4,
  "terraform_version": "0.13.5",
  "serial": 76,
  "lineage": "b2e3d772-131e-974c-755b-5c20dd331060",
  "outputs": {
    "firewall_public_ip": {
      "value": "20.71.9.112",
      "type": "string"
    }
  },
  "resources": [
    {
      "mode": "managed",
      "type": "azurerm_firewall",
      "name": "firewall",
      "provider": "provider[\"registry.terraform.io/hashicorp/azurerm\"]",
      "instances": [
        {
          "schema_version": 0,
          "attributes": {
            "dns_servers": null,
            "id": "/subscriptions/e67a50bc-70b2-4838-8598-c9fb1880a4ac/resourceGroups/SandrosLab/providers/Microsoft.Network/azureFirewalls/firewall",
            "ip_configuration": [
              {
                "name": "configuration",
                "private_ip_address": "10.1.1.4",
                "public_ip_address_id": "/subscriptions/e67a50bc-70b2-4838-8598-c9fb1880a4ac/resourceGroups/SandrosLab/providers/Microsoft.Network/publicIPAddresses/firewall",
                "subnet_id": "/subscriptions/e67a50bc-70b2-4838-8598-c9fb1880a4ac/resourceGroups/SandrosLab/providers/Microsoft.Network/virtualNetworks/ps-hub-vnet/subnets/AzureFirewallSubnet"
              }
            ],
            "location": "westeurope",
            "management_ip_configuration": [],
            "name": "firewall",
            "resource_group_name": "SandrosLab",
            "tags": null,
            "threat_intel_mode": "Alert",
            "timeouts": null,
            "zones": null
          },
          "private": "eyJlMmJmYjczMC1lY2FhLTExZTYtOGY4OC0zNDM2M2JjN2M0YzAiOnsiY3JlYXRlIjo1NDAwMDAwMDAwMDAwLCJkZWxldGUiOjU0MDAwMDAwMDAwMDAsInJlYWQiOjMwMDAwMDAwMDAwMCwidXBkYXRlIjo1NDAwMDAwMDAwMDAwfX0=",
          "dependencies": [
            "azurerm_public_ip.firewall",
            "azurerm_resource_group.main",
            "azurerm_subnet.AzureFirewallSubnet",
            "azurerm_virtual_network.hub"
          ]
        }
      ]
    },
    {
      "mode": "managed",
      "type": "azurerm_firewall_application_rule_collection",
      "name": "firewall",
      "provider": "provider[\"registry.terraform.io/hashicorp/azurerm\"]",
      "instances": [
        {
          "schema_version": 0,
          "attributes": {
            "action": "Allow",
            "azure_firewall_name": "firewall",
            "id": "/subscriptions/e67a50bc-70b2-4838-8598-c9fb1880a4ac/resourceGroups/SandrosLab/providers/Microsoft.Network/azureFirewalls/firewall/applicationRuleCollections/hub",
            "name": "hub",
            "priority": 100,
            "resource_group_name": "SandrosLab",
            "rule": [
              {
                "description": "",
                "fqdn_tags": null,
                "name": "google",
                "protocol": [
                  {
                    "port": 443,
                    "type": "Https"
                  }
                ],
                "source_addresses": [
                  "10.1.0.0/16"
                ],
                "source_ip_groups": null,
                "target_fqdns": [
                  "*.google.com"
                ]
              }
            ],
            "timeouts": null
          },
          "private": "eyJlMmJmYjczMC1lY2FhLTExZTYtOGY4OC0zNDM2M2JjN2M0YzAiOnsiY3JlYXRlIjoxODAwMDAwMDAwMDAwLCJkZWxldGUiOjE4MDAwMDAwMDAwMDAsInJlYWQiOjMwMDAwMDAwMDAwMCwidXBkYXRlIjoxODAwMDAwMDAwMDAwfX0=",
          "dependencies": [
            "azurerm_firewall.firewall",
            "azurerm_public_ip.firewall",
            "azurerm_resource_group.main",
            "azurerm_subnet.AzureFirewallSubnet",
            "azurerm_virtual_network.hub"
          ]
        }
      ]
    },
    {
      "mode": "managed",
      "type": "azurerm_firewall_nat_rule_collection",
      "name": "firewall",
      "provider": "provider[\"registry.terraform.io/hashicorp/azurerm\"]",
      "instances": [
        {
          "schema_version": 0,
          "attributes": {
            "action": "Dnat",
            "azure_firewall_name": "firewall",
            "id": "/subscriptions/e67a50bc-70b2-4838-8598-c9fb1880a4ac/resourceGroups/SandrosLab/providers/Microsoft.Network/azureFirewalls/firewall/natRuleCollections/rdp",
            "name": "rdp",
            "priority": 100,
            "resource_group_name": "SandrosLab",
            "rule": [
              {
                "description": "",
                "destination_addresses": [
                  "20.71.9.112"
                ],
                "destination_ports": [
                  "22"
                ],
                "name": "rdp",
                "protocols": [
                  "TCP",
                  "UDP"
                ],
                "source_addresses": [
                  "193.134.170.35/32"
                ],
                "source_ip_groups": [],
                "translated_address": "10.1.2.4",
                "translated_port": "22"
              }
            ],
            "timeouts": null
          },
          "private": "eyJlMmJmYjczMC1lY2FhLTExZTYtOGY4OC0zNDM2M2JjN2M0YzAiOnsiY3JlYXRlIjoxODAwMDAwMDAwMDAwLCJkZWxldGUiOjE4MDAwMDAwMDAwMDAsInJlYWQiOjMwMDAwMDAwMDAwMCwidXBkYXRlIjoxODAwMDAwMDAwMDAwfX0=",
          "dependencies": [
            "azurerm_firewall.firewall",
            "azurerm_public_ip.firewall",
            "azurerm_resource_group.main",
            "azurerm_subnet.AzureFirewallSubnet",
            "azurerm_subnet.subnetHA",
            "azurerm_virtual_network.hub",
            "module.angelina.azurerm_linux_virtual_machine.vm",
            "module.angelina.azurerm_network_interface.vm"
          ]
        }
      ]
    },
    {
      "mode": "managed",
      "type": "azurerm_firewall_network_rule_collection",
      "name": "firewall",
      "provider": "provider[\"registry.terraform.io/hashicorp/azurerm\"]",
      "instances": [
        {
          "schema_version": 0,
          "attributes": {
            "action": "Allow",
            "azure_firewall_name": "firewall",
            "id": "/subscriptions/e67a50bc-70b2-4838-8598-c9fb1880a4ac/resourceGroups/SandrosLab/providers/Microsoft.Network/azureFirewalls/firewall/networkRuleCollections/hub",
            "name": "hub",
            "priority": 100,
            "resource_group_name": "SandrosLab",
            "rule": [
              {
                "description": "",
                "destination_addresses": [
                  "209.244.0.3",
                  "209.244.0.4"
                ],
                "destination_fqdns": [],
                "destination_ip_groups": [],
                "destination_ports": [
                  "53"
                ],
                "name": "dns",
                "protocols": [
                  "TCP",
                  "UDP"
                ],
                "source_addresses": [
                  "10.1.0.0/16"
                ],
                "source_ip_groups": []
              }
            ],
            "timeouts": null
          },
          "private": "eyJlMmJmYjczMC1lY2FhLTExZTYtOGY4OC0zNDM2M2JjN2M0YzAiOnsiY3JlYXRlIjoxODAwMDAwMDAwMDAwLCJkZWxldGUiOjE4MDAwMDAwMDAwMDAsInJlYWQiOjMwMDAwMDAwMDAwMCwidXBkYXRlIjoxODAwMDAwMDAwMDAwfX0=",
          "dependencies": [
            "azurerm_firewall.firewall",
            "azurerm_public_ip.firewall",
            "azurerm_resource_group.main",
            "azurerm_subnet.AzureFirewallSubnet",
            "azurerm_virtual_network.hub"
          ]
        }
      ]
    },
    {
      "mode": "managed",
      "type": "azurerm_network_security_group",
      "name": "nsg4",
      "provider": "provider[\"registry.terraform.io/hashicorp/azurerm\"]",
      "instances": [
        {
          "schema_version": 0,
          "attributes": {
            "id": "/subscriptions/e67a50bc-70b2-4838-8598-c9fb1880a4ac/resourceGroups/SandrosLab/providers/Microsoft.Network/networkSecurityGroups/nsg4",
            "location": "westeurope",
            "name": "nsg4",
            "resource_group_name": "SandrosLab",
            "security_rule": [
              {
                "access": "Allow",
                "description": "",
                "destination_address_prefix": "*",
                "destination_address_prefixes": [],
                "destination_application_security_group_ids": [],
                "destination_port_range": "22",
                "destination_port_ranges": [],
                "direction": "Inbound",
                "name": "SSH",
                "priority": 100,
                "protocol": "Tcp",
                "source_address_prefix": "193.134.170.35",
                "source_address_prefixes": [],
                "source_application_security_group_ids": [],
                "source_port_range": "*",
                "source_port_ranges": []
              }
            ],
            "tags": null,
            "timeouts": null
          },
          "private": "eyJlMmJmYjczMC1lY2FhLTExZTYtOGY4OC0zNDM2M2JjN2M0YzAiOnsiY3JlYXRlIjoxODAwMDAwMDAwMDAwLCJkZWxldGUiOjE4MDAwMDAwMDAwMDAsInJlYWQiOjMwMDAwMDAwMDAwMCwidXBkYXRlIjoxODAwMDAwMDAwMDAwfX0=",
          "dependencies": [
            "azurerm_resource_group.main"
          ]
        }
      ]
    },
    {
      "mode": "managed",
      "type": "azurerm_public_ip",
      "name": "firewall",
      "provider": "provider[\"registry.terraform.io/hashicorp/azurerm\"]",
      "instances": [
        {
          "schema_version": 0,
          "attributes": {
            "allocation_method": "Static",
            "domain_name_label": null,
            "fqdn": null,
            "id": "/subscriptions/e67a50bc-70b2-4838-8598-c9fb1880a4ac/resourceGroups/SandrosLab/providers/Microsoft.Network/publicIPAddresses/firewall",
            "idle_timeout_in_minutes": 4,
            "ip_address": "20.71.9.112",
            "ip_version": "IPv4",
            "location": "westeurope",
            "name": "firewall",
            "public_ip_prefix_id": null,
            "resource_group_name": "SandrosLab",
            "reverse_fqdn": null,
            "sku": "Standard",
            "tags": null,
            "timeouts": null,
            "zones": null
          },
          "private": "eyJlMmJmYjczMC1lY2FhLTExZTYtOGY4OC0zNDM2M2JjN2M0YzAiOnsiY3JlYXRlIjoxODAwMDAwMDAwMDAwLCJkZWxldGUiOjE4MDAwMDAwMDAwMDAsInJlYWQiOjMwMDAwMDAwMDAwMCwidXBkYXRlIjoxODAwMDAwMDAwMDAwfX0=",
          "dependencies": [
            "azurerm_resource_group.main"
          ]
        }
      ]
    },
    {
      "mode": "managed",
      "type": "azurerm_resource_group",
      "name": "main",
      "provider": "provider[\"registry.terraform.io/hashicorp/azurerm\"]",
      "instances": [
        {
          "schema_version": 0,
          "attributes": {
            "id": "/subscriptions/e67a50bc-70b2-4838-8598-c9fb1880a4ac/resourceGroups/SandrosLab",
            "location": "westeurope",
            "name": "SandrosLab",
            "tags": null,
            "timeouts": null
          },
          "private": "eyJlMmJmYjczMC1lY2FhLTExZTYtOGY4OC0zNDM2M2JjN2M0YzAiOnsiY3JlYXRlIjo1NDAwMDAwMDAwMDAwLCJkZWxldGUiOjU0MDAwMDAwMDAwMDAsInJlYWQiOjMwMDAwMDAwMDAwMCwidXBkYXRlIjo1NDAwMDAwMDAwMDAwfX0="
        }
      ]
    },
    {
      "mode": "managed",
      "type": "azurerm_route_table",
      "name": "RouteTable",
      "provider": "provider[\"registry.terraform.io/hashicorp/azurerm\"]",
      "instances": [
        {
          "schema_version": 0,
          "attributes": {
            "disable_bgp_route_propagation": false,
            "id": "/subscriptions/e67a50bc-70b2-4838-8598-c9fb1880a4ac/resourceGroups/SandrosLab/providers/Microsoft.Network/routeTables/RouteTable",
            "location": "westeurope",
            "name": "RouteTable",
            "resource_group_name": "SandrosLab",
            "route": [
              {
                "address_prefix": "0.0.0.0/0",
                "name": "internet",
                "next_hop_in_ip_address": "10.1.1.4",
                "next_hop_type": "VirtualAppliance"
              }
            ],
            "subnets": [],
            "tags": null,
            "timeouts": null
          },
          "private": "eyJlMmJmYjczMC1lY2FhLTExZTYtOGY4OC0zNDM2M2JjN2M0YzAiOnsiY3JlYXRlIjoxODAwMDAwMDAwMDAwLCJkZWxldGUiOjE4MDAwMDAwMDAwMDAsInJlYWQiOjMwMDAwMDAwMDAwMCwidXBkYXRlIjoxODAwMDAwMDAwMDAwfX0=",
          "dependencies": [
            "azurerm_firewall.firewall",
            "azurerm_public_ip.firewall",
            "azurerm_resource_group.main",
            "azurerm_subnet.AzureFirewallSubnet",
            "azurerm_virtual_network.hub"
          ]
        }
      ]
    },
    {
      "mode": "managed",
      "type": "azurerm_subnet",
      "name": "AzureFirewallSubnet",
      "provider": "provider[\"registry.terraform.io/hashicorp/azurerm\"]",
      "instances": [
        {
          "schema_version": 0,
          "attributes": {
            "address_prefix": "10.1.1.0/24",
            "address_prefixes": [
              "10.1.1.0/24"
            ],
            "delegation": [],
            "enforce_private_link_endpoint_network_policies": false,
            "enforce_private_link_service_network_policies": false,
            "id": "/subscriptions/e67a50bc-70b2-4838-8598-c9fb1880a4ac/resourceGroups/SandrosLab/providers/Microsoft.Network/virtualNetworks/ps-hub-vnet/subnets/AzureFirewallSubnet",
            "name": "AzureFirewallSubnet",
            "resource_group_name": "SandrosLab",
            "service_endpoints": null,
            "timeouts": null,
            "virtual_network_name": "ps-hub-vnet"
          },
          "private": "eyJlMmJmYjczMC1lY2FhLTExZTYtOGY4OC0zNDM2M2JjN2M0YzAiOnsiY3JlYXRlIjoxODAwMDAwMDAwMDAwLCJkZWxldGUiOjE4MDAwMDAwMDAwMDAsInJlYWQiOjMwMDAwMDAwMDAwMCwidXBkYXRlIjoxODAwMDAwMDAwMDAwfX0=",
          "dependencies": [
            "azurerm_resource_group.main",
            "azurerm_virtual_network.hub"
          ]
        }
      ]
    },
    {
      "mode": "managed",
      "type": "azurerm_subnet",
      "name": "subnetHA",
      "provider": "provider[\"registry.terraform.io/hashicorp/azurerm\"]",
      "instances": [
        {
          "schema_version": 0,
          "attributes": {
            "address_prefix": "10.1.2.0/24",
            "address_prefixes": [
              "10.1.2.0/24"
            ],
            "delegation": [],
            "enforce_private_link_endpoint_network_policies": false,
            "enforce_private_link_service_network_policies": false,
            "id": "/subscriptions/e67a50bc-70b2-4838-8598-c9fb1880a4ac/resourceGroups/SandrosLab/providers/Microsoft.Network/virtualNetworks/ps-hub-vnet/subnets/subnet-ha",
            "name": "subnet-ha",
            "resource_group_name": "SandrosLab",
            "service_endpoints": null,
            "timeouts": null,
            "virtual_network_name": "ps-hub-vnet"
          },
          "private": "eyJlMmJmYjczMC1lY2FhLTExZTYtOGY4OC0zNDM2M2JjN2M0YzAiOnsiY3JlYXRlIjoxODAwMDAwMDAwMDAwLCJkZWxldGUiOjE4MDAwMDAwMDAwMDAsInJlYWQiOjMwMDAwMDAwMDAwMCwidXBkYXRlIjoxODAwMDAwMDAwMDAwfX0=",
          "dependencies": [
            "azurerm_resource_group.main",
            "azurerm_virtual_network.hub"
          ]
        }
      ]
    },
    {
      "mode": "managed",
      "type": "azurerm_subnet",
      "name": "subnetHB",
      "provider": "provider[\"registry.terraform.io/hashicorp/azurerm\"]",
      "instances": [
        {
          "schema_version": 0,
          "attributes": {
            "address_prefix": "10.1.3.0/24",
            "address_prefixes": [
              "10.1.3.0/24"
            ],
            "delegation": [],
            "enforce_private_link_endpoint_network_policies": false,
            "enforce_private_link_service_network_policies": false,
            "id": "/subscriptions/e67a50bc-70b2-4838-8598-c9fb1880a4ac/resourceGroups/SandrosLab/providers/Microsoft.Network/virtualNetworks/ps-hub-vnet/subnets/subnet-HB",
            "name": "subnet-HB",
            "resource_group_name": "SandrosLab",
            "service_endpoints": null,
            "timeouts": null,
            "virtual_network_name": "ps-hub-vnet"
          },
          "private": "eyJlMmJmYjczMC1lY2FhLTExZTYtOGY4OC0zNDM2M2JjN2M0YzAiOnsiY3JlYXRlIjoxODAwMDAwMDAwMDAwLCJkZWxldGUiOjE4MDAwMDAwMDAwMDAsInJlYWQiOjMwMDAwMDAwMDAwMCwidXBkYXRlIjoxODAwMDAwMDAwMDAwfX0=",
          "dependencies": [
            "azurerm_resource_group.main",
            "azurerm_virtual_network.hub"
          ]
        }
      ]
    },
    {
      "mode": "managed",
      "type": "azurerm_subnet",
      "name": "subnetSA",
      "provider": "provider[\"registry.terraform.io/hashicorp/azurerm\"]",
      "instances": [
        {
          "schema_version": 0,
          "attributes": {
            "address_prefix": "10.2.1.0/24",
            "address_prefixes": [
              "10.2.1.0/24"
            ],
            "delegation": [],
            "enforce_private_link_endpoint_network_policies": false,
            "enforce_private_link_service_network_policies": false,
            "id": "/subscriptions/e67a50bc-70b2-4838-8598-c9fb1880a4ac/resourceGroups/SandrosLab/providers/Microsoft.Network/virtualNetworks/ps-spoke-vnet/subnets/subnet-sa",
            "name": "subnet-sa",
            "resource_group_name": "SandrosLab",
            "service_endpoints": null,
            "timeouts": null,
            "virtual_network_name": "ps-spoke-vnet"
          },
          "private": "eyJlMmJmYjczMC1lY2FhLTExZTYtOGY4OC0zNDM2M2JjN2M0YzAiOnsiY3JlYXRlIjoxODAwMDAwMDAwMDAwLCJkZWxldGUiOjE4MDAwMDAwMDAwMDAsInJlYWQiOjMwMDAwMDAwMDAwMCwidXBkYXRlIjoxODAwMDAwMDAwMDAwfX0=",
          "dependencies": [
            "azurerm_resource_group.main",
            "azurerm_virtual_network.spoke"
          ]
        }
      ]
    },
    {
      "mode": "managed",
      "type": "azurerm_subnet_network_security_group_association",
      "name": "nsg4",
      "provider": "provider[\"registry.terraform.io/hashicorp/azurerm\"]",
      "instances": [
        {
          "schema_version": 0,
          "attributes": {
            "id": "/subscriptions/e67a50bc-70b2-4838-8598-c9fb1880a4ac/resourceGroups/SandrosLab/providers/Microsoft.Network/virtualNetworks/ps-spoke-vnet/subnets/subnet-sa",
            "network_security_group_id": "/subscriptions/e67a50bc-70b2-4838-8598-c9fb1880a4ac/resourceGroups/SandrosLab/providers/Microsoft.Network/networkSecurityGroups/nsg4",
            "subnet_id": "/subscriptions/e67a50bc-70b2-4838-8598-c9fb1880a4ac/resourceGroups/SandrosLab/providers/Microsoft.Network/virtualNetworks/ps-spoke-vnet/subnets/subnet-sa",
            "timeouts": null
          },
          "private": "eyJlMmJmYjczMC1lY2FhLTExZTYtOGY4OC0zNDM2M2JjN2M0YzAiOnsiY3JlYXRlIjoxODAwMDAwMDAwMDAwLCJkZWxldGUiOjE4MDAwMDAwMDAwMDAsInJlYWQiOjMwMDAwMDAwMDAwMCwidXBkYXRlIjoxODAwMDAwMDAwMDAwfX0=",
          "dependencies": [
            "azurerm_network_security_group.nsg4",
            "azurerm_resource_group.main",
            "azurerm_subnet.subnetSA",
            "azurerm_virtual_network.spoke"
          ]
        }
      ]
    },
    {
      "mode": "managed",
      "type": "azurerm_virtual_network",
      "name": "hub",
      "provider": "provider[\"registry.terraform.io/hashicorp/azurerm\"]",
      "instances": [
        {
          "schema_version": 0,
          "attributes": {
            "address_space": [
              "10.1.0.0/16"
            ],
            "bgp_community": "",
            "ddos_protection_plan": [],
            "dns_servers": null,
            "guid": "c88d0f95-6042-4d98-8935-37b42da1b06e",
            "id": "/subscriptions/e67a50bc-70b2-4838-8598-c9fb1880a4ac/resourceGroups/SandrosLab/providers/Microsoft.Network/virtualNetworks/ps-hub-vnet",
            "location": "westeurope",
            "name": "ps-hub-vnet",
            "resource_group_name": "SandrosLab",
            "subnet": [],
            "tags": null,
            "timeouts": null,
            "vm_protection_enabled": false
          },
          "private": "eyJlMmJmYjczMC1lY2FhLTExZTYtOGY4OC0zNDM2M2JjN2M0YzAiOnsiY3JlYXRlIjoxODAwMDAwMDAwMDAwLCJkZWxldGUiOjE4MDAwMDAwMDAwMDAsInJlYWQiOjMwMDAwMDAwMDAwMCwidXBkYXRlIjoxODAwMDAwMDAwMDAwfX0=",
          "dependencies": [
            "azurerm_resource_group.main"
          ]
        }
      ]
    },
    {
      "mode": "managed",
      "type": "azurerm_virtual_network",
      "name": "spoke",
      "provider": "provider[\"registry.terraform.io/hashicorp/azurerm\"]",
      "instances": [
        {
          "schema_version": 0,
          "attributes": {
            "address_space": [
              "10.2.0.0/16"
            ],
            "bgp_community": "",
            "ddos_protection_plan": [],
            "dns_servers": null,
            "guid": "425d6c07-928d-47d2-b3d2-da0c9c6ce3d3",
            "id": "/subscriptions/e67a50bc-70b2-4838-8598-c9fb1880a4ac/resourceGroups/SandrosLab/providers/Microsoft.Network/virtualNetworks/ps-spoke-vnet",
            "location": "westeurope",
            "name": "ps-spoke-vnet",
            "resource_group_name": "SandrosLab",
            "subnet": [],
            "tags": null,
            "timeouts": null,
            "vm_protection_enabled": false
          },
          "private": "eyJlMmJmYjczMC1lY2FhLTExZTYtOGY4OC0zNDM2M2JjN2M0YzAiOnsiY3JlYXRlIjoxODAwMDAwMDAwMDAwLCJkZWxldGUiOjE4MDAwMDAwMDAwMDAsInJlYWQiOjMwMDAwMDAwMDAwMCwidXBkYXRlIjoxODAwMDAwMDAwMDAwfX0=",
          "dependencies": [
            "azurerm_resource_group.main"
          ]
        }
      ]
    },
    {
      "mode": "managed",
      "type": "azurerm_virtual_network_peering",
      "name": "hub",
      "provider": "provider[\"registry.terraform.io/hashicorp/azurerm\"]",
      "instances": [
        {
          "schema_version": 0,
          "attributes": {
            "allow_forwarded_traffic": true,
            "allow_gateway_transit": true,
            "allow_virtual_network_access": true,
            "id": "/subscriptions/e67a50bc-70b2-4838-8598-c9fb1880a4ac/resourceGroups/SandrosLab/providers/Microsoft.Network/virtualNetworks/ps-hub-vnet/virtualNetworkPeerings/peer1to2",
            "name": "peer1to2",
            "remote_virtual_network_id": "/subscriptions/e67a50bc-70b2-4838-8598-c9fb1880a4ac/resourceGroups/SandrosLab/providers/Microsoft.Network/virtualNetworks/ps-spoke-vnet",
            "resource_group_name": "SandrosLab",
            "timeouts": null,
            "use_remote_gateways": false,
            "virtual_network_name": "ps-hub-vnet"
          },
          "private": "eyJlMmJmYjczMC1lY2FhLTExZTYtOGY4OC0zNDM2M2JjN2M0YzAiOnsiY3JlYXRlIjoxODAwMDAwMDAwMDAwLCJkZWxldGUiOjE4MDAwMDAwMDAwMDAsInJlYWQiOjMwMDAwMDAwMDAwMCwidXBkYXRlIjoxODAwMDAwMDAwMDAwfX0=",
          "dependencies": [
            "azurerm_resource_group.main",
            "azurerm_virtual_network.hub",
            "azurerm_virtual_network.spoke"
          ]
        }
      ]
    },
    {
      "mode": "managed",
      "type": "azurerm_virtual_network_peering",
      "name": "spoke",
      "provider": "provider[\"registry.terraform.io/hashicorp/azurerm\"]",
      "instances": [
        {
          "schema_version": 0,
          "attributes": {
            "allow_forwarded_traffic": true,
            "allow_gateway_transit": true,
            "allow_virtual_network_access": true,
            "id": "/subscriptions/e67a50bc-70b2-4838-8598-c9fb1880a4ac/resourceGroups/SandrosLab/providers/Microsoft.Network/virtualNetworks/ps-spoke-vnet/virtualNetworkPeerings/peer2to1",
            "name": "peer2to1",
            "remote_virtual_network_id": "/subscriptions/e67a50bc-70b2-4838-8598-c9fb1880a4ac/resourceGroups/SandrosLab/providers/Microsoft.Network/virtualNetworks/ps-hub-vnet",
            "resource_group_name": "SandrosLab",
            "timeouts": null,
            "use_remote_gateways": false,
            "virtual_network_name": "ps-spoke-vnet"
          },
          "private": "eyJlMmJmYjczMC1lY2FhLTExZTYtOGY4OC0zNDM2M2JjN2M0YzAiOnsiY3JlYXRlIjoxODAwMDAwMDAwMDAwLCJkZWxldGUiOjE4MDAwMDAwMDAwMDAsInJlYWQiOjMwMDAwMDAwMDAwMCwidXBkYXRlIjoxODAwMDAwMDAwMDAwfX0=",
          "dependencies": [
            "azurerm_resource_group.main",
            "azurerm_virtual_network.hub",
            "azurerm_virtual_network.spoke"
          ]
        }
      ]
    },
    {
      "module": "module.angelina",
      "mode": "managed",
      "type": "azurerm_linux_virtual_machine",
      "name": "vm",
      "provider": "provider[\"registry.terraform.io/hashicorp/azurerm\"]",
      "instances": [
        {
          "schema_version": 0,
          "attributes": {
            "additional_capabilities": [],
            "admin_password": null,
            "admin_ssh_key": [
              {
                "public_key": "ssh-rsa AAAAB3NzaC1yc2EAAAABJQAAAQEAiuP+W9bbOfl4v0BWZj57+CahhrwTdH6HL2e0+NGEn6wbQPKgmWQgIrm5NDiHt4usJM2PnizlZQTXVTi88lOo8pYPMt+BB125sASSzVYvniT+bVTxgJQjen1vidtLOd3VPZXR+BYNvSh39yXdEN9Aij+v7QmiM9CDBzjkjsu6dTba74xaNi7g7DKgx2sTv1P6teJ1bOKj3sPcwUCSgsR+4m7EJdv0fXIn7Tpkw/txcblenFp/zhmRtDsesAkoWV1h1LmkCE9F5kf0pfFc/oI3K4gLF/e7xfv4Yx2s3S4W9eamR5gRTHnbk8uNzsWzMxpMxxGkPZDXXltJG/O7bTGV3Q== rsa-key-20201103",
                "username": "adminuser"
              }
            ],
            "admin_username": "adminuser",
            "allow_extension_operations": true,
            "availability_set_id": "",
            "boot_diagnostics": [],
            "computer_name": "angelina",
            "custom_data": null,
            "dedicated_host_id": "",
            "disable_password_authentication": true,
            "encryption_at_host_enabled": false,
            "eviction_policy": "",
            "id": "/subscriptions/e67a50bc-70b2-4838-8598-c9fb1880a4ac/resourceGroups/SandrosLab/providers/Microsoft.Compute/virtualMachines/angelina",
            "identity": [],
            "location": "westeurope",
            "max_bid_price": -1,
            "name": "angelina",
            "network_interface_ids": [
              "/subscriptions/e67a50bc-70b2-4838-8598-c9fb1880a4ac/resourceGroups/SandrosLab/providers/Microsoft.Network/networkInterfaces/angelina"
            ],
            "os_disk": [
              {
                "caching": "ReadWrite",
                "diff_disk_settings": [],
                "disk_encryption_set_id": "",
                "disk_size_gb": 30,
                "name": "angelina_OsDisk_1_87d54de51f9147e190693d3edcef7f14",
                "storage_account_type": "Standard_LRS",
                "write_accelerator_enabled": false
              }
            ],
            "plan": [],
            "priority": "Regular",
            "private_ip_address": "10.1.2.4",
            "private_ip_addresses": [
              "10.1.2.4"
            ],
            "provision_vm_agent": true,
            "proximity_placement_group_id": "",
            "public_ip_address": "",
            "public_ip_addresses": [],
            "resource_group_name": "SandrosLab",
            "secret": [],
            "size": "Standard_DS1_v2",
            "source_image_id": "",
            "source_image_reference": [
              {
                "offer": "UbuntuServer",
                "publisher": "Canonical",
                "sku": "18.04-LTS",
                "version": "latest"
              }
            ],
            "tags": null,
            "timeouts": null,
            "virtual_machine_id": "a7c5ea3a-7a21-4d4c-92d6-0ef3febfeb1c",
            "virtual_machine_scale_set_id": "",
            "zone": ""
          },
          "private": "eyJlMmJmYjczMC1lY2FhLTExZTYtOGY4OC0zNDM2M2JjN2M0YzAiOnsiY3JlYXRlIjoyNzAwMDAwMDAwMDAwLCJkZWxldGUiOjI3MDAwMDAwMDAwMDAsInJlYWQiOjMwMDAwMDAwMDAwMCwidXBkYXRlIjoyNzAwMDAwMDAwMDAwfX0=",
          "dependencies": [
            "azurerm_resource_group.main",
            "azurerm_subnet.subnetHA",
            "azurerm_virtual_network.hub",
            "module.angelina.azurerm_network_interface.vm"
          ]
        }
      ]
    },
    {
      "module": "module.angelina",
      "mode": "managed",
      "type": "azurerm_network_interface",
      "name": "vm",
      "provider": "provider[\"registry.terraform.io/hashicorp/azurerm\"]",
      "instances": [
        {
          "schema_version": 0,
          "attributes": {
            "applied_dns_servers": [],
            "dns_servers": [],
            "enable_accelerated_networking": false,
            "enable_ip_forwarding": false,
            "id": "/subscriptions/e67a50bc-70b2-4838-8598-c9fb1880a4ac/resourceGroups/SandrosLab/providers/Microsoft.Network/networkInterfaces/angelina",
            "internal_dns_name_label": "",
            "internal_domain_name_suffix": "suhy1sccmcme1cjvg40c1inqng.ax.internal.cloudapp.net",
            "ip_configuration": [
              {
                "name": "internal",
                "primary": true,
                "private_ip_address": "10.1.2.4",
                "private_ip_address_allocation": "Dynamic",
                "private_ip_address_version": "IPv4",
                "public_ip_address_id": "",
                "subnet_id": "/subscriptions/e67a50bc-70b2-4838-8598-c9fb1880a4ac/resourceGroups/SandrosLab/providers/Microsoft.Network/virtualNetworks/ps-hub-vnet/subnets/subnet-ha"
              }
            ],
            "location": "westeurope",
            "mac_address": "",
            "name": "angelina",
            "private_ip_address": "10.1.2.4",
            "private_ip_addresses": [
              "10.1.2.4"
            ],
            "resource_group_name": "SandrosLab",
            "tags": null,
            "timeouts": null,
            "virtual_machine_id": ""
          },
          "private": "eyJlMmJmYjczMC1lY2FhLTExZTYtOGY4OC0zNDM2M2JjN2M0YzAiOnsiY3JlYXRlIjoxODAwMDAwMDAwMDAwLCJkZWxldGUiOjE4MDAwMDAwMDAwMDAsInJlYWQiOjMwMDAwMDAwMDAwMCwidXBkYXRlIjoxODAwMDAwMDAwMDAwfX0=",
          "dependencies": [
            "azurerm_resource_group.main",
            "azurerm_subnet.subnetHA",
            "azurerm_virtual_network.hub"
          ]
        }
      ]
    },
    {
      "module": "module.angelina",
      "mode": "managed",
      "type": "azurerm_network_security_group",
      "name": "vm",
      "provider": "provider[\"registry.terraform.io/hashicorp/azurerm\"]",
      "instances": [
        {
          "schema_version": 0,
          "attributes": {
            "id": "/subscriptions/e67a50bc-70b2-4838-8598-c9fb1880a4ac/resourceGroups/SandrosLab/providers/Microsoft.Network/networkSecurityGroups/nsg1",
            "location": "westeurope",
            "name": "nsg1",
            "resource_group_name": "SandrosLab",
            "security_rule": [
              {
                "access": "Allow",
                "description": "",
                "destination_address_prefix": "*",
                "destination_address_prefixes": [],
                "destination_application_security_group_ids": [],
                "destination_port_range": "22",
                "destination_port_ranges": [],
                "direction": "Inbound",
                "name": "SSH",
                "priority": 100,
                "protocol": "Tcp",
                "source_address_prefix": "193.134.170.35",
                "source_address_prefixes": [],
                "source_application_security_group_ids": [],
                "source_port_range": "*",
                "source_port_ranges": []
              }
            ],
            "tags": null,
            "timeouts": null
          },
          "private": "eyJlMmJmYjczMC1lY2FhLTExZTYtOGY4OC0zNDM2M2JjN2M0YzAiOnsiY3JlYXRlIjoxODAwMDAwMDAwMDAwLCJkZWxldGUiOjE4MDAwMDAwMDAwMDAsInJlYWQiOjMwMDAwMDAwMDAwMCwidXBkYXRlIjoxODAwMDAwMDAwMDAwfX0=",
          "dependencies": [
            "azurerm_resource_group.main",
            "azurerm_virtual_network.hub"
          ]
        }
      ]
    },
    {
      "module": "module.luna",
      "mode": "managed",
      "type": "azurerm_linux_virtual_machine",
      "name": "vm",
      "provider": "provider[\"registry.terraform.io/hashicorp/azurerm\"]",
      "instances": [
        {
          "schema_version": 0,
          "attributes": {
            "additional_capabilities": [],
            "admin_password": null,
            "admin_ssh_key": [
              {
                "public_key": "ssh-rsa AAAAB3NzaC1yc2EAAAABJQAAAQEAiuP+W9bbOfl4v0BWZj57+CahhrwTdH6HL2e0+NGEn6wbQPKgmWQgIrm5NDiHt4usJM2PnizlZQTXVTi88lOo8pYPMt+BB125sASSzVYvniT+bVTxgJQjen1vidtLOd3VPZXR+BYNvSh39yXdEN9Aij+v7QmiM9CDBzjkjsu6dTba74xaNi7g7DKgx2sTv1P6teJ1bOKj3sPcwUCSgsR+4m7EJdv0fXIn7Tpkw/txcblenFp/zhmRtDsesAkoWV1h1LmkCE9F5kf0pfFc/oI3K4gLF/e7xfv4Yx2s3S4W9eamR5gRTHnbk8uNzsWzMxpMxxGkPZDXXltJG/O7bTGV3Q== rsa-key-20201103",
                "username": "adminuser"
              }
            ],
            "admin_username": "adminuser",
            "allow_extension_operations": true,
            "availability_set_id": "",
            "boot_diagnostics": [],
            "computer_name": "luna",
            "custom_data": null,
            "dedicated_host_id": "",
            "disable_password_authentication": true,
            "encryption_at_host_enabled": false,
            "eviction_policy": "",
            "id": "/subscriptions/e67a50bc-70b2-4838-8598-c9fb1880a4ac/resourceGroups/SandrosLab/providers/Microsoft.Compute/virtualMachines/luna",
            "identity": [],
            "location": "westeurope",
            "max_bid_price": -1,
            "name": "luna",
            "network_interface_ids": [
              "/subscriptions/e67a50bc-70b2-4838-8598-c9fb1880a4ac/resourceGroups/SandrosLab/providers/Microsoft.Network/networkInterfaces/luna"
            ],
            "os_disk": [
              {
                "caching": "ReadWrite",
                "diff_disk_settings": [],
                "disk_encryption_set_id": "",
                "disk_size_gb": 30,
                "name": "luna_OsDisk_1_2733e22a31d5410b9f40d4dae3c3710d",
                "storage_account_type": "Standard_LRS",
                "write_accelerator_enabled": false
              }
            ],
            "plan": [],
            "priority": "Regular",
            "private_ip_address": "10.2.1.5",
            "private_ip_addresses": [
              "10.2.1.5"
            ],
            "provision_vm_agent": true,
            "proximity_placement_group_id": "",
            "public_ip_address": "",
            "public_ip_addresses": [],
            "resource_group_name": "SandrosLab",
            "secret": [],
            "size": "Standard_DS1_v2",
            "source_image_id": "",
            "source_image_reference": [
              {
                "offer": "UbuntuServer",
                "publisher": "Canonical",
                "sku": "18.04-LTS",
                "version": "latest"
              }
            ],
            "tags": null,
            "timeouts": null,
            "virtual_machine_id": "fafe6b3c-015e-4c04-baa9-57c050df72a4",
            "virtual_machine_scale_set_id": "",
            "zone": ""
          },
          "private": "eyJlMmJmYjczMC1lY2FhLTExZTYtOGY4OC0zNDM2M2JjN2M0YzAiOnsiY3JlYXRlIjoyNzAwMDAwMDAwMDAwLCJkZWxldGUiOjI3MDAwMDAwMDAwMDAsInJlYWQiOjMwMDAwMDAwMDAwMCwidXBkYXRlIjoyNzAwMDAwMDAwMDAwfX0=",
          "dependencies": [
            "azurerm_resource_group.main",
            "azurerm_subnet.subnetSA",
            "azurerm_virtual_network.spoke",
            "module.luna.azurerm_network_interface.vm"
          ]
        }
      ]
    },
    {
      "module": "module.luna",
      "mode": "managed",
      "type": "azurerm_network_interface",
      "name": "vm",
      "provider": "provider[\"registry.terraform.io/hashicorp/azurerm\"]",
      "instances": [
        {
          "schema_version": 0,
          "attributes": {
            "applied_dns_servers": [],
            "dns_servers": [],
            "enable_accelerated_networking": false,
            "enable_ip_forwarding": false,
            "id": "/subscriptions/e67a50bc-70b2-4838-8598-c9fb1880a4ac/resourceGroups/SandrosLab/providers/Microsoft.Network/networkInterfaces/luna",
            "internal_dns_name_label": "",
            "internal_domain_name_suffix": "a3wf0qunsljepm4s1igjy1hd0d.ax.internal.cloudapp.net",
            "ip_configuration": [
              {
                "name": "internal",
                "primary": true,
                "private_ip_address": "10.2.1.5",
                "private_ip_address_allocation": "Dynamic",
                "private_ip_address_version": "IPv4",
                "public_ip_address_id": "",
                "subnet_id": "/subscriptions/e67a50bc-70b2-4838-8598-c9fb1880a4ac/resourceGroups/SandrosLab/providers/Microsoft.Network/virtualNetworks/ps-spoke-vnet/subnets/subnet-sa"
              }
            ],
            "location": "westeurope",
            "mac_address": "",
            "name": "luna",
            "private_ip_address": "10.2.1.5",
            "private_ip_addresses": [
              "10.2.1.5"
            ],
            "resource_group_name": "SandrosLab",
            "tags": null,
            "timeouts": null,
            "virtual_machine_id": ""
          },
          "private": "eyJlMmJmYjczMC1lY2FhLTExZTYtOGY4OC0zNDM2M2JjN2M0YzAiOnsiY3JlYXRlIjoxODAwMDAwMDAwMDAwLCJkZWxldGUiOjE4MDAwMDAwMDAwMDAsInJlYWQiOjMwMDAwMDAwMDAwMCwidXBkYXRlIjoxODAwMDAwMDAwMDAwfX0=",
          "dependencies": [
            "azurerm_resource_group.main",
            "azurerm_subnet.subnetSA",
            "azurerm_virtual_network.spoke"
          ]
        }
      ]
    },
    {
      "module": "module.luna",
      "mode": "managed",
      "type": "azurerm_network_security_group",
      "name": "vm",
      "provider": "provider[\"registry.terraform.io/hashicorp/azurerm\"]",
      "instances": [
        {
          "schema_version": 0,
          "attributes": {
            "id": "/subscriptions/e67a50bc-70b2-4838-8598-c9fb1880a4ac/resourceGroups/SandrosLab/providers/Microsoft.Network/networkSecurityGroups/nsg3",
            "location": "westeurope",
            "name": "nsg3",
            "resource_group_name": "SandrosLab",
            "security_rule": [
              {
                "access": "Allow",
                "description": "",
                "destination_address_prefix": "*",
                "destination_address_prefixes": [],
                "destination_application_security_group_ids": [],
                "destination_port_range": "22",
                "destination_port_ranges": [],
                "direction": "Inbound",
                "name": "SSH",
                "priority": 100,
                "protocol": "Tcp",
                "source_address_prefix": "193.134.170.35",
                "source_address_prefixes": [],
                "source_application_security_group_ids": [],
                "source_port_range": "*",
                "source_port_ranges": []
              }
            ],
            "tags": null,
            "timeouts": null
          },
          "private": "eyJlMmJmYjczMC1lY2FhLTExZTYtOGY4OC0zNDM2M2JjN2M0YzAiOnsiY3JlYXRlIjoxODAwMDAwMDAwMDAwLCJkZWxldGUiOjE4MDAwMDAwMDAwMDAsInJlYWQiOjMwMDAwMDAwMDAwMCwidXBkYXRlIjoxODAwMDAwMDAwMDAwfX0=",
          "dependencies": [
            "azurerm_resource_group.main",
            "azurerm_virtual_network.spoke"
          ]
        }
      ]
    },
    {
      "module": "module.ruby",
      "mode": "managed",
      "type": "azurerm_linux_virtual_machine",
      "name": "vm",
      "provider": "provider[\"registry.terraform.io/hashicorp/azurerm\"]",
      "instances": [
        {
          "schema_version": 0,
          "attributes": {
            "additional_capabilities": [],
            "admin_password": null,
            "admin_ssh_key": [
              {
                "public_key": "ssh-rsa AAAAB3NzaC1yc2EAAAABJQAAAQEAiuP+W9bbOfl4v0BWZj57+CahhrwTdH6HL2e0+NGEn6wbQPKgmWQgIrm5NDiHt4usJM2PnizlZQTXVTi88lOo8pYPMt+BB125sASSzVYvniT+bVTxgJQjen1vidtLOd3VPZXR+BYNvSh39yXdEN9Aij+v7QmiM9CDBzjkjsu6dTba74xaNi7g7DKgx2sTv1P6teJ1bOKj3sPcwUCSgsR+4m7EJdv0fXIn7Tpkw/txcblenFp/zhmRtDsesAkoWV1h1LmkCE9F5kf0pfFc/oI3K4gLF/e7xfv4Yx2s3S4W9eamR5gRTHnbk8uNzsWzMxpMxxGkPZDXXltJG/O7bTGV3Q== rsa-key-20201103",
                "username": "adminuser"
              }
            ],
            "admin_username": "adminuser",
            "allow_extension_operations": true,
            "availability_set_id": "",
            "boot_diagnostics": [],
            "computer_name": "ruby",
            "custom_data": null,
            "dedicated_host_id": "",
            "disable_password_authentication": true,
            "encryption_at_host_enabled": false,
            "eviction_policy": "",
            "id": "/subscriptions/e67a50bc-70b2-4838-8598-c9fb1880a4ac/resourceGroups/SandrosLab/providers/Microsoft.Compute/virtualMachines/ruby",
            "identity": [],
            "location": "westeurope",
            "max_bid_price": -1,
            "name": "ruby",
            "network_interface_ids": [
              "/subscriptions/e67a50bc-70b2-4838-8598-c9fb1880a4ac/resourceGroups/SandrosLab/providers/Microsoft.Network/networkInterfaces/ruby"
            ],
            "os_disk": [
              {
                "caching": "ReadWrite",
                "diff_disk_settings": [],
                "disk_encryption_set_id": "",
                "disk_size_gb": 30,
                "name": "ruby_OsDisk_1_0e9f821935a24b049b9e20b641015f37",
                "storage_account_type": "Standard_LRS",
                "write_accelerator_enabled": false
              }
            ],
            "plan": [],
            "priority": "Regular",
            "private_ip_address": "10.2.1.4",
            "private_ip_addresses": [
              "10.2.1.4"
            ],
            "provision_vm_agent": true,
            "proximity_placement_group_id": "",
            "public_ip_address": "",
            "public_ip_addresses": [],
            "resource_group_name": "SandrosLab",
            "secret": [],
            "size": "Standard_DS1_v2",
            "source_image_id": "",
            "source_image_reference": [
              {
                "offer": "UbuntuServer",
                "publisher": "Canonical",
                "sku": "18.04-LTS",
                "version": "latest"
              }
            ],
            "tags": null,
            "timeouts": null,
            "virtual_machine_id": "b50d53ce-4225-41db-bb8d-6aacdfd6662f",
            "virtual_machine_scale_set_id": "",
            "zone": ""
          },
          "private": "eyJlMmJmYjczMC1lY2FhLTExZTYtOGY4OC0zNDM2M2JjN2M0YzAiOnsiY3JlYXRlIjoyNzAwMDAwMDAwMDAwLCJkZWxldGUiOjI3MDAwMDAwMDAwMDAsInJlYWQiOjMwMDAwMDAwMDAwMCwidXBkYXRlIjoyNzAwMDAwMDAwMDAwfX0=",
          "dependencies": [
            "azurerm_resource_group.main",
            "azurerm_subnet.subnetSA",
            "azurerm_virtual_network.spoke",
            "module.ruby.azurerm_network_interface.vm"
          ]
        }
      ]
    },
    {
      "module": "module.ruby",
      "mode": "managed",
      "type": "azurerm_network_interface",
      "name": "vm",
      "provider": "provider[\"registry.terraform.io/hashicorp/azurerm\"]",
      "instances": [
        {
          "schema_version": 0,
          "attributes": {
            "applied_dns_servers": [],
            "dns_servers": [],
            "enable_accelerated_networking": false,
            "enable_ip_forwarding": false,
            "id": "/subscriptions/e67a50bc-70b2-4838-8598-c9fb1880a4ac/resourceGroups/SandrosLab/providers/Microsoft.Network/networkInterfaces/ruby",
            "internal_dns_name_label": "",
            "internal_domain_name_suffix": "a3wf0qunsljepm4s1igjy1hd0d.ax.internal.cloudapp.net",
            "ip_configuration": [
              {
                "name": "internal",
                "primary": true,
                "private_ip_address": "10.2.1.4",
                "private_ip_address_allocation": "Dynamic",
                "private_ip_address_version": "IPv4",
                "public_ip_address_id": "",
                "subnet_id": "/subscriptions/e67a50bc-70b2-4838-8598-c9fb1880a4ac/resourceGroups/SandrosLab/providers/Microsoft.Network/virtualNetworks/ps-spoke-vnet/subnets/subnet-sa"
              }
            ],
            "location": "westeurope",
            "mac_address": "",
            "name": "ruby",
            "private_ip_address": "10.2.1.4",
            "private_ip_addresses": [
              "10.2.1.4"
            ],
            "resource_group_name": "SandrosLab",
            "tags": null,
            "timeouts": null,
            "virtual_machine_id": ""
          },
          "private": "eyJlMmJmYjczMC1lY2FhLTExZTYtOGY4OC0zNDM2M2JjN2M0YzAiOnsiY3JlYXRlIjoxODAwMDAwMDAwMDAwLCJkZWxldGUiOjE4MDAwMDAwMDAwMDAsInJlYWQiOjMwMDAwMDAwMDAwMCwidXBkYXRlIjoxODAwMDAwMDAwMDAwfX0=",
          "dependencies": [
            "azurerm_resource_group.main",
            "azurerm_subnet.subnetSA",
            "azurerm_virtual_network.spoke"
          ]
        }
      ]
    },
    {
      "module": "module.ruby",
      "mode": "managed",
      "type": "azurerm_network_security_group",
      "name": "vm",
      "provider": "provider[\"registry.terraform.io/hashicorp/azurerm\"]",
      "instances": [
        {
          "schema_version": 0,
          "attributes": {
            "id": "/subscriptions/e67a50bc-70b2-4838-8598-c9fb1880a4ac/resourceGroups/SandrosLab/providers/Microsoft.Network/networkSecurityGroups/nsg2",
            "location": "westeurope",
            "name": "nsg2",
            "resource_group_name": "SandrosLab",
            "security_rule": [
              {
                "access": "Allow",
                "description": "",
                "destination_address_prefix": "*",
                "destination_address_prefixes": [],
                "destination_application_security_group_ids": [],
                "destination_port_range": "22",
                "destination_port_ranges": [],
                "direction": "Inbound",
                "name": "SSH",
                "priority": 100,
                "protocol": "Tcp",
                "source_address_prefix": "193.134.170.35",
                "source_address_prefixes": [],
                "source_application_security_group_ids": [],
                "source_port_range": "*",
                "source_port_ranges": []
              }
            ],
            "tags": null,
            "timeouts": null
          },
          "private": "eyJlMmJmYjczMC1lY2FhLTExZTYtOGY4OC0zNDM2M2JjN2M0YzAiOnsiY3JlYXRlIjoxODAwMDAwMDAwMDAwLCJkZWxldGUiOjE4MDAwMDAwMDAwMDAsInJlYWQiOjMwMDAwMDAwMDAwMCwidXBkYXRlIjoxODAwMDAwMDAwMDAwfX0=",
          "dependencies": [
            "azurerm_resource_group.main",
            "azurerm_virtual_network.spoke"
          ]
        }
      ]
    }
  ]
}
